{
  "name": "backend",
  "version": "1.0.0",
  "lockfileVersion": 3,
  "requires": true,
  "packages": {
    "": {
      "name": "backend",
      "version": "1.0.0",
      "license": "ISC",
      "dependencies": {
        "hyperblast": "file:..",
        "ws": "^8.18.3"
      }
    },
    "..": {
      "name": "hyperblast",
      "version": "1.0.0",
      "license": "ISC",
      "dependencies": {
        "wait-on": "^8.0.4"
      },
      "devDependencies": {
        "concurrently": "^8.2.0",
        "devcert": "^1.2.2",
        "mkcert": "^3.2.0"
      }
    },
    "node_modules/hyperblast": {
      "resolved": "..",
      "link": true
    },
    "node_modules/ws": {
      "version": "8.18.3",
      "resolved": "https://registry.npmjs.org/ws/-/ws-8.18.3.tgz",
      "integrity": "sha512-PEIGCY5tSlUt50cqyMXfCzX+oOPqN0vuGqWzbcJ2xvnkzkq46oOpz7dQaTDBdfICb4N14+GARUDw2XV2N4tvzg==",
      "license": "MIT",
      "engines": {
        "node": ">=10.0.0"
      },
      "peerDependencies": {
        "bufferutil": "^4.0.1",
        "utf-8-validate": ">=5.0.2"
      },
      "peerDependenciesMeta": {
        "bufferutil": {
          "optional": true
        },
        "utf-8-validate": {
          "optional": true
        }
      }
    }
  }
}
